
Microsoft Visual Studio Solution File, Format Version 12.00
# Visual Studio Version 17
VisualStudioVersion = 17.7.34221.43
MinimumVisualStudioVersion = 10.0.40219.1
Project("{FAE04EC0-301F-11D3-BF4B-00C04F79EFBC}") = "SocketAsync_Client_Human_Server_Human", "SocketAsync_Client_Human_Server_Human\SocketAsync_Client_Human_Server_Human.csproj", "{FEA225B6-CF2D-46BE-B3A9-F63F2C41E1C2}"
EndProject
Global
	GlobalSection(SolutionConfigurationPlatforms) = preSolution
		Debug|Any CPU = Debug|Any CPU
		Release|Any CPU = Release|Any CPU
	EndGlobalSection
	GlobalSection(ProjectConfigurationPlatforms) = postSolution
		{FEA225B6-CF2D-46BE-B3A9-F63F2C41E1C2}.Debug|Any CPU.ActiveCfg = Debug|Any CPU
		{FEA225B6-CF2D-46BE-B3A9-F63F2C41E1C2}.Debug|Any CPU.Build.0 = Debug|Any CPU
		{FEA225B6-CF2D-46BE-B3A9-F63F2C41E1C2}.Release|Any CPU.ActiveCfg = Release|Any CPU
		{FEA225B6-CF2D-46BE-B3A9-F63F2C41E1C2}.Release|Any CPU.Build.0 = Release|Any CPU
	EndGlobalSection
	GlobalSection(SolutionProperties) = preSolution
		HideSolutionNode = FALSE
	EndGlobalSection
	GlobalSection(ExtensibilityGlobals) = postSolution
		SolutionGuid = {5909B37D-2F76-4C00-B829-6A331D08B367}
	EndGlobalSection
EndGlobal
